
Microsoft Visual Studio Solution File, Format Version 12.00
# Visual Studio Version 16
VisualStudioVersion = 16.0.30717.126
MinimumVisualStudioVersion = 10.0.40219.1
Project("{FAE04EC0-301F-11D3-BF4B-00C04F79EFBC}") = "Block4", "Block4\Block4.csproj", "{179BAF98-087E-456B-934A-07D076EB579E}"
EndProject
Global
	GlobalSection(SolutionConfigurationPlatforms) = preSolution
		Debug|Any CPU = Debug|Any CPU
		Release|Any CPU = Release|Any CPU
	EndGlobalSection
	GlobalSection(ProjectConfigurationPlatforms) = postSolution
		{179BAF98-087E-456B-934A-07D076EB579E}.Debug|Any CPU.ActiveCfg = Debug|Any CPU
		{179BAF98-087E-456B-934A-07D076EB579E}.Debug|Any CPU.Build.0 = Debug|Any CPU
		{179BAF98-087E-456B-934A-07D076EB579E}.Release|Any CPU.ActiveCfg = Release|Any CPU
		{179BAF98-087E-456B-934A-07D076EB579E}.Release|Any CPU.Build.0 = Release|Any CPU
	EndGlobalSection
	GlobalSection(SolutionProperties) = preSolution
		HideSolutionNode = FALSE
	EndGlobalSection
	GlobalSection(ExtensibilityGlobals) = postSolution
		SolutionGuid = {88080002-DDF3-49C8-B063-5CEE52924B83}
	EndGlobalSection
EndGlobal
